// !$*UTF8*$!
{
	archiveVersion = 1;
	classes = {
	};
	objectVersion = 50;
	objects = {

/* Begin PBXBuildFile section */
		A11CB24F2569CDC8008240DB /* Thinking_in_SwiftUI_SolutionsApp.swift in Sources */ = {isa = PBXBuildFile; fileRef = A11CB24E2569CDC8008240DB /* Thinking_in_SwiftUI_SolutionsApp.swift */; };
		A11CB2532569CDCA008240DB /* Assets.xcassets in Resources */ = {isa = PBXBuildFile; fileRef = A11CB2522569CDCA008240DB /* Assets.xcassets */; };
		A11CB2562569CDCA008240DB /* Preview Assets.xcassets in Resources */ = {isa = PBXBuildFile; fileRef = A11CB2552569CDCA008240DB /* Preview Assets.xcassets */; };
		A11CB25F2569CDE8008240DB /* Collapsible.swift in Sources */ = {isa = PBXBuildFile; fileRef = A11CB25E2569CDE8008240DB /* Collapsible.swift */; };
		A11CB2642569CE41008240DB /* MyStackView.swift in Sources */ = {isa = PBXBuildFile; fileRef = A11CB2622569CE41008240DB /* MyStackView.swift */; };
		A11CB2652569CE41008240DB /* MaskView.swift in Sources */ = {isa = PBXBuildFile; fileRef = A11CB2632569CE41008240DB /* MaskView.swift */; };
		A11CB2692569CE8A008240DB /* ExpandableRectangles.swift in Sources */ = {isa = PBXBuildFile; fileRef = A11CB2682569CE8A008240DB /* ExpandableRectangles.swift */; };
		A11CB26E2569D00F008240DB /* Knob.swift in Sources */ = {isa = PBXBuildFile; fileRef = A11CB26D2569D00F008240DB /* Knob.swift */; };
		A11CB2712569D0B5008240DB /* Knob is working in Resources */ = {isa = PBXBuildFile; fileRef = A11CB2702569D0B5008240DB /* Knob is working */; };
		A11CB2762569D106008240DB /* ViewUpdates.swift in Sources */ = {isa = PBXBuildFile; fileRef = A11CB2752569D106008240DB /* ViewUpdates.swift */; };
		A11CB27A2569D182008240DB /* Remote.swift in Sources */ = {isa = PBXBuildFile; fileRef = A11CB2782569D182008240DB /* Remote.swift */; };
		A11CB27B2569D182008240DB /* Photo.swift in Sources */ = {isa = PBXBuildFile; fileRef = A11CB2792569D182008240DB /* Photo.swift */; };
		A1242CE4257A0F800093DB7F /* AnimatedWidgets.swift in Sources */ = {isa = PBXBuildFile; fileRef = A1242CE3257A0F800093DB7F /* AnimatedWidgets.swift */; };
		A1242CE8257A11050093DB7F /* BounceAnimation.swift in Sources */ = {isa = PBXBuildFile; fileRef = A1242CE7257A11050093DB7F /* BounceAnimation.swift */; };
		A181A15B256B70E200A098FC /* Badge.swift in Sources */ = {isa = PBXBuildFile; fileRef = A181A15A256B70E200A098FC /* Badge.swift */; };
		A18DE16D256DBDC80058F642 /* Table.swift in Sources */ = {isa = PBXBuildFile; fileRef = A18DE16C256DBDC80058F642 /* Table.swift */; };
/* End PBXBuildFile section */

/* Begin PBXFileReference section */
		A11CB24B2569CDC8008240DB /* Thinking in SwiftUI Solutions.app */ = {isa = PBXFileReference; explicitFileType = wrapper.application; includeInIndex = 0; path = "Thinking in SwiftUI Solutions.app"; sourceTree = BUILT_PRODUCTS_DIR; };
		A11CB24E2569CDC8008240DB /* Thinking_in_SwiftUI_SolutionsApp.swift */ = {isa = PBXFileReference; lastKnownFileType = sourcecode.swift; path = Thinking_in_SwiftUI_SolutionsApp.swift; sourceTree = "<group>"; };
		A11CB2522569CDCA008240DB /* Assets.xcassets */ = {isa = PBXFileReference; lastKnownFileType = folder.assetcatalog; path = Assets.xcassets; sourceTree = "<group>"; };
		A11CB2552569CDCA008240DB /* Preview Assets.xcassets */ = {isa = PBXFileReference; lastKnownFileType = folder.assetcatalog; path = "Preview Assets.xcassets"; sourceTree = "<group>"; };
		A11CB2572569CDCA008240DB /* Info.plist */ = {isa = PBXFileReference; lastKnownFileType = text.plist.xml; path = Info.plist; sourceTree = "<group>"; };
		A11CB25E2569CDE8008240DB /* Collapsible.swift */ = {isa = PBXFileReference; fileEncoding = 4; lastKnownFileType = sourcecode.swift; path = Collapsible.swift; sourceTree = "<group>"; };
		A11CB2622569CE41008240DB /* MyStackView.swift */ = {isa = PBXFileReference; fileEncoding = 4; lastKnownFileType = sourcecode.swift; path = MyStackView.swift; sourceTree = "<group>"; };
		A11CB2632569CE41008240DB /* MaskView.swift */ = {isa = PBXFileReference; fileEncoding = 4; lastKnownFileType = sourcecode.swift; path = MaskView.swift; sourceTree = "<group>"; };
		A11CB2682569CE8A008240DB /* ExpandableRectangles.swift */ = {isa = PBXFileReference; fileEncoding = 4; lastKnownFileType = sourcecode.swift; path = ExpandableRectangles.swift; sourceTree = "<group>"; };
		A11CB26D2569D00F008240DB /* Knob.swift */ = {isa = PBXFileReference; fileEncoding = 4; lastKnownFileType = sourcecode.swift; path = Knob.swift; sourceTree = "<group>"; };
		A11CB2702569D0B5008240DB /* Knob is working */ = {isa = PBXFileReference; lastKnownFileType = file; path = "Knob is working"; sourceTree = "<group>"; };
		A11CB2752569D106008240DB /* ViewUpdates.swift */ = {isa = PBXFileReference; fileEncoding = 4; lastKnownFileType = sourcecode.swift; path = ViewUpdates.swift; sourceTree = "<group>"; };
		A11CB2782569D182008240DB /* Remote.swift */ = {isa = PBXFileReference; fileEncoding = 4; lastKnownFileType = sourcecode.swift; path = Remote.swift; sourceTree = "<group>"; };
		A11CB2792569D182008240DB /* Photo.swift */ = {isa = PBXFileReference; fileEncoding = 4; lastKnownFileType = sourcecode.swift; path = Photo.swift; sourceTree = "<group>"; };
		A1242CE3257A0F800093DB7F /* AnimatedWidgets.swift */ = {isa = PBXFileReference; fileEncoding = 4; lastKnownFileType = sourcecode.swift; path = AnimatedWidgets.swift; sourceTree = "<group>"; };
		A1242CE7257A11050093DB7F /* BounceAnimation.swift */ = {isa = PBXFileReference; lastKnownFileType = sourcecode.swift; path = BounceAnimation.swift; sourceTree = "<group>"; };
		A181A15A256B70E200A098FC /* Badge.swift */ = {isa = PBXFileReference; lastKnownFileType = sourcecode.swift; path = Badge.swift; sourceTree = "<group>"; };
		A18DE16C256DBDC80058F642 /* Table.swift */ = {isa = PBXFileReference; lastKnownFileType = sourcecode.swift; path = Table.swift; sourceTree = "<group>"; };
/* End PBXFileReference section */

/* Begin PBXFrameworksBuildPhase section */
		A11CB2482569CDC8008240DB /* Frameworks */ = {
			isa = PBXFrameworksBuildPhase;
			buildActionMask = 2147483647;
			files = (
			);
			runOnlyForDeploymentPostprocessing = 0;
		};
/* End PBXFrameworksBuildPhase section */

/* Begin PBXGroup section */
		A11CB2422569CDC8008240DB = {
			isa = PBXGroup;
			children = (
				A11CB24D2569CDC8008240DB /* Thinking in SwiftUI Solutions */,
				A11CB24C2569CDC8008240DB /* Products */,
			);
			sourceTree = "<group>";
		};
		A11CB24C2569CDC8008240DB /* Products */ = {
			isa = PBXGroup;
			children = (
				A11CB24B2569CDC8008240DB /* Thinking in SwiftUI Solutions.app */,
			);
			name = Products;
			sourceTree = "<group>";
		};
		A11CB24D2569CDC8008240DB /* Thinking in SwiftUI Solutions */ = {
			isa = PBXGroup;
			children = (
				A11CB24E2569CDC8008240DB /* Thinking_in_SwiftUI_SolutionsApp.swift */,
				A11CB27D2569D189008240DB /* Chapter 2 */,
				A11CB27E2569D19A008240DB /* Chapter 3 */,
				A11CB27F2569D19E008240DB /* Chapter 4 */,
				A11CB2802569D1A3008240DB /* Chapter 5 */,
				A1242CE2257A0F6B0093DB7F /* Chapter 6 */,
				A11CB2812569D1B9008240DB /* Other */,
				A11CB2612569CE34008240DB /* Playground */,
				A11CB2542569CDCA008240DB /* Preview Content */,
			);
			path = "Thinking in SwiftUI Solutions";
			sourceTree = "<group>";
		};
		A11CB2542569CDCA008240DB /* Preview Content */ = {
			isa = PBXGroup;
			children = (
				A11CB2552569CDCA008240DB /* Preview Assets.xcassets */,
			);
			path = "Preview Content";
			sourceTree = "<group>";
		};
		A11CB2612569CE34008240DB /* Playground */ = {
			isa = PBXGroup;
			children = (
				A11CB2632569CE41008240DB /* MaskView.swift */,
				A11CB2622569CE41008240DB /* MyStackView.swift */,
				A11CB2682569CE8A008240DB /* ExpandableRectangles.swift */,
			);
			path = Playground;
			sourceTree = "<group>";
		};
		A11CB27D2569D189008240DB /* Chapter 2 */ = {
			isa = PBXGroup;
			children = (
				A11CB2752569D106008240DB /* ViewUpdates.swift */,
				A11CB2792569D182008240DB /* Photo.swift */,
				A11CB2782569D182008240DB /* Remote.swift */,
			);
			path = "Chapter 2";
			sourceTree = "<group>";
		};
		A11CB27E2569D19A008240DB /* Chapter 3 */ = {
			isa = PBXGroup;
			children = (
				A11CB2702569D0B5008240DB /* Knob is working */,
				A11CB26D2569D00F008240DB /* Knob.swift */,
			);
			path = "Chapter 3";
			sourceTree = "<group>";
		};
		A11CB27F2569D19E008240DB /* Chapter 4 */ = {
			isa = PBXGroup;
			children = (
				A11CB25E2569CDE8008240DB /* Collapsible.swift */,
				A181A15A256B70E200A098FC /* Badge.swift */,
			);
			path = "Chapter 4";
			sourceTree = "<group>";
		};
		A11CB2802569D1A3008240DB /* Chapter 5 */ = {
			isa = PBXGroup;
			children = (
				A18DE16C256DBDC80058F642 /* Table.swift */,
			);
			path = "Chapter 5";
			sourceTree = "<group>";
		};
		A11CB2812569D1B9008240DB /* Other */ = {
			isa = PBXGroup;
			children = (
				A11CB2522569CDCA008240DB /* Assets.xcassets */,
				A11CB2572569CDCA008240DB /* Info.plist */,
			);
			name = Other;
			sourceTree = "<group>";
		};
		A1242CE2257A0F6B0093DB7F /* Chapter 6 */ = {
			isa = PBXGroup;
			children = (
				A1242CE3257A0F800093DB7F /* AnimatedWidgets.swift */,
				A1242CE7257A11050093DB7F /* BounceAnimation.swift */,
			);
			path = "Chapter 6";
			sourceTree = "<group>";
		};
/* End PBXGroup section */

/* Begin PBXNativeTarget section */
		A11CB24A2569CDC8008240DB /* Thinking in SwiftUI Solutions */ = {
			isa = PBXNativeTarget;
			buildConfigurationList = A11CB25A2569CDCA008240DB /* Build configuration list for PBXNativeTarget "Thinking in SwiftUI Solutions" */;
			buildPhases = (
				A11CB2472569CDC8008240DB /* Sources */,
				A11CB2482569CDC8008240DB /* Frameworks */,
				A11CB2492569CDC8008240DB /* Resources */,
			);
			buildRules = (
			);
			dependencies = (
			);
			name = "Thinking in SwiftUI Solutions";
			productName = "Thinking in SwiftUI Solutions";
			productReference = A11CB24B2569CDC8008240DB /* Thinking in SwiftUI Solutions.app */;
			productType = "com.apple.product-type.application";
		};
/* End PBXNativeTarget section */

/* Begin PBXProject section */
		A11CB2432569CDC8008240DB /* Project object */ = {
			isa = PBXProject;
			attributes = {
				LastSwiftUpdateCheck = 1220;
				LastUpgradeCheck = 1220;
				TargetAttributes = {
					A11CB24A2569CDC8008240DB = {
						CreatedOnToolsVersion = 12.2;
					};
				};
			};
			buildConfigurationList = A11CB2462569CDC8008240DB /* Build configuration list for PBXProject "Thinking in SwiftUI Solutions" */;
			compatibilityVersion = "Xcode 9.3";
			developmentRegion = en;
			hasScannedForEncodings = 0;
			knownRegions = (
				en,
				Base,
			);
			mainGroup = A11CB2422569CDC8008240DB;
			productRefGroup = A11CB24C2569CDC8008240DB /* Products */;
			projectDirPath = "";
			projectRoot = "";
			targets = (
				A11CB24A2569CDC8008240DB /* Thinking in SwiftUI Solutions */,
			);
		};
/* End PBXProject section */

/* Begin PBXResourcesBuildPhase section */
		A11CB2492569CDC8008240DB /* Resources */ = {
			isa = PBXResourcesBuildPhase;
			buildActionMask = 2147483647;
			files = (
				A11CB2562569CDCA008240DB /* Preview Assets.xcassets in Resources */,
				A11CB2712569D0B5008240DB /* Knob is working in Resources */,
				A11CB2532569CDCA008240DB /* Assets.xcassets in Resources */,
			);
			runOnlyForDeploymentPostprocessing = 0;
		};
/* End PBXResourcesBuildPhase section */

/* Begin PBXSourcesBuildPhase section */
		A11CB2472569CDC8008240DB /* Sources */ = {
			isa = PBXSourcesBuildPhase;
			buildActionMask = 2147483647;
			files = (
				A11CB2652569CE41008240DB /* MaskView.swift in Sources */,
				A11CB2692569CE8A008240DB /* ExpandableRectangles.swift in Sources */,
				A181A15B256B70E200A098FC /* Badge.swift in Sources */,
				A11CB27A2569D182008240DB /* Remote.swift in Sources */,
				A11CB27B2569D182008240DB /* Photo.swift in Sources */,
				A18DE16D256DBDC80058F642 /* Table.swift in Sources */,
				A11CB24F2569CDC8008240DB /* Thinking_in_SwiftUI_SolutionsApp.swift in Sources */,
				A11CB25F2569CDE8008240DB /* Collapsible.swift in Sources */,
				A11CB2642569CE41008240DB /* MyStackView.swift in Sources */,
				A11CB2762569D106008240DB /* ViewUpdates.swift in Sources */,
				A1242CE4257A0F800093DB7F /* AnimatedWidgets.swift in Sources */,
				A11CB26E2569D00F008240DB /* Knob.swift in Sources */,
				A1242CE8257A11050093DB7F /* BounceAnimation.swift in Sources */,
			);
			runOnlyForDeploymentPostprocessing = 0;
		};
/* End PBXSourcesBuildPhase section */

/* Begin XCBuildConfiguration section */
		A11CB2582569CDCA008240DB /* Debug */ = {
			isa = XCBuildConfiguration;
			buildSettings = {
				ALWAYS_SEARCH_USER_PATHS = NO;
				CLANG_ANALYZER_NONNULL = YES;
				CLANG_ANALYZER_NUMBER_OBJECT_CONVERSION = YES_AGGRESSIVE;
				CLANG_CXX_LANGUAGE_STANDARD = "gnu++14";
				CLANG_CXX_LIBRARY = "libc++";
				CLANG_ENABLE_MODULES = YES;
				CLANG_ENABLE_OBJC_ARC = YES;
				CLANG_ENABLE_OBJC_WEAK = YES;
				CLANG_WARN_BLOCK_CAPTURE_AUTORELEASING = YES;
				CLANG_WARN_BOOL_CONVERSION = YES;
				CLANG_WARN_COMMA = YES;
				CLANG_WARN_CONSTANT_CONVERSION = YES;
				CLANG_WARN_DEPRECATED_OBJC_IMPLEMENTATIONS = YES;
				CLANG_WARN_DIRECT_OBJC_ISA_USAGE = YES_ERROR;
				CLANG_WARN_DOCUMENTATION_COMMENTS = YES;
				CLANG_WARN_EMPTY_BODY = YES;
				CLANG_WARN_ENUM_CONVERSION = YES;
				CLANG_WARN_INFINITE_RECURSION = YES;
				CLANG_WARN_INT_CONVERSION = YES;
				CLANG_WARN_NON_LITERAL_NULL_CONVERSION = YES;
				CLANG_WARN_OBJC_IMPLICIT_RETAIN_SELF = YES;
				CLANG_WARN_OBJC_LITERAL_CONVERSION = YES;
				CLANG_WARN_OBJC_ROOT_CLASS = YES_ERROR;
				CLANG_WARN_QUOTED_INCLUDE_IN_FRAMEWORK_HEADER = YES;
				CLANG_WARN_RANGE_LOOP_ANALYSIS = YES;
				CLANG_WARN_STRICT_PROTOTYPES = YES;
				CLANG_WARN_SUSPICIOUS_MOVE = YES;
				CLANG_WARN_UNGUARDED_AVAILABILITY = YES_AGGRESSIVE;
				CLANG_WARN_UNREACHABLE_CODE = YES;
				CLANG_WARN__DUPLICATE_METHOD_MATCH = YES;
				COPY_PHASE_STRIP = NO;
				DEBUG_INFORMATION_FORMAT = dwarf;
				ENABLE_STRICT_OBJC_MSGSEND = YES;
				ENABLE_TESTABILITY = YES;
				GCC_C_LANGUAGE_STANDARD = gnu11;
				GCC_DYNAMIC_NO_PIC = NO;
				GCC_NO_COMMON_BLOCKS = YES;
				GCC_OPTIMIZATION_LEVEL = 0;
				GCC_PREPROCESSOR_DEFINITIONS = (
					"DEBUG=1",
					"$(inherited)",
				);
				GCC_WARN_64_TO_32_BIT_CONVERSION = YES;
				GCC_WARN_ABOUT_RETURN_TYPE = YES_ERROR;
				GCC_WARN_UNDECLARED_SELECTOR = YES;
				GCC_WARN_UNINITIALIZED_AUTOS = YES_AGGRESSIVE;
				GCC_WARN_UNUSED_FUNCTION = YES;
				GCC_WARN_UNUSED_VARIABLE = YES;
				IPHONEOS_DEPLOYMENT_TARGET = 14.2;
				MTL_ENABLE_DEBUG_INFO = INCLUDE_SOURCE;
				MTL_FAST_MATH = YES;
				ONLY_ACTIVE_ARCH = YES;
				SDKROOT = iphoneos;
				SWIFT_ACTIVE_COMPILATION_CONDITIONS = DEBUG;
				SWIFT_OPTIMIZATION_LEVEL = "-Onone";
			};
			name = Debug;
		};
		A11CB2592569CDCA008240DB /* Release */ = {
			isa = XCBuildConfiguration;
			buildSettings = {
				ALWAYS_SEARCH_USER_PATHS = NO;
				CLANG_ANALYZER_NONNULL = YES;
				CLANG_ANALYZER_NUMBER_OBJECT_CONVERSION = YES_AGGRESSIVE;
				CLANG_CXX_LANGUAGE_STANDARD = "gnu++14";
				CLANG_CXX_LIBRARY = "libc++";
				CLANG_ENABLE_MODULES = YES;
				CLANG_ENABLE_OBJC_ARC = YES;
				CLANG_ENABLE_OBJC_WEAK = YES;
				CLANG_WARN_BLOCK_CAPTURE_AUTORELEASING = YES;
				CLANG_WARN_BOOL_CONVERSION = YES;
				CLANG_WARN_COMMA = YES;
				CLANG_WARN_CONSTANT_CONVERSION = YES;
				CLANG_WARN_DEPRECATED_OBJC_IMPLEMENTATIONS = YES;
				CLANG_WARN_DIRECT_OBJC_ISA_USAGE = YES_ERROR;
				CLANG_WARN_DOCUMENTATION_COMMENTS = YES;
				CLANG_WARN_EMPTY_BODY = YES;
				CLANG_WARN_ENUM_CONVERSION = YES;
				CLANG_WARN_INFINITE_RECURSION = YES;
				CLANG_WARN_INT_CONVERSION = YES;
				CLANG_WARN_NON_LITERAL_NULL_CONVERSION = YES;
				CLANG_WARN_OBJC_IMPLICIT_RETAIN_SELF = YES;
				CLANG_WARN_OBJC_LITERAL_CONVERSION = YES;
				CLANG_WARN_OBJC_ROOT_CLASS = YES_ERROR;
				CLANG_WARN_QUOTED_INCLUDE_IN_FRAMEWORK_HEADER = YES;
				CLANG_WARN_RANGE_LOOP_ANALYSIS = YES;
				CLANG_WARN_STRICT_PROTOTYPES = YES;
				CLANG_WARN_SUSPICIOUS_MOVE = YES;
				CLANG_WARN_UNGUARDED_AVAILABILITY = YES_AGGRESSIVE;
				CLANG_WARN_UNREACHABLE_CODE = YES;
				CLANG_WARN__DUPLICATE_METHOD_MATCH = YES;
				COPY_PHASE_STRIP = NO;
				DEBUG_INFORMATION_FORMAT = "dwarf-with-dsym";
				ENABLE_NS_ASSERTIONS = NO;
				ENABLE_STRICT_OBJC_MSGSEND = YES;
				GCC_C_LANGUAGE_STANDARD = gnu11;
				GCC_NO_COMMON_BLOCKS = YES;
				GCC_WARN_64_TO_32_BIT_CONVERSION = YES;
				GCC_WARN_ABOUT_RETURN_TYPE = YES_ERROR;
				GCC_WARN_UNDECLARED_SELECTOR = YES;
				GCC_WARN_UNINITIALIZED_AUTOS = YES_AGGRESSIVE;
				GCC_WARN_UNUSED_FUNCTION = YES;
				GCC_WARN_UNUSED_VARIABLE = YES;
				IPHONEOS_DEPLOYMENT_TARGET = 14.2;
				MTL_ENABLE_DEBUG_INFO = NO;
				MTL_FAST_MATH = YES;
				SDKROOT = iphoneos;
				SWIFT_COMPILATION_MODE = wholemodule;
				SWIFT_OPTIMIZATION_LEVEL = "-O";
				VALIDATE_PRODUCT = YES;
			};
			name = Release;
		};
		A11CB25B2569CDCA008240DB /* Debug */ = {
			isa = XCBuildConfiguration;
			buildSettings = {
				ASSETCATALOG_COMPILER_APPICON_NAME = AppIcon;
				ASSETCATALOG_COMPILER_GLOBAL_ACCENT_COLOR_NAME = AccentColor;
				CODE_SIGN_STYLE = Automatic;
				DEVELOPMENT_ASSET_PATHS = "\"Thinking in SwiftUI Solutions/Preview Content\"";
				DEVELOPMENT_TEAM = AF8594QJUT;
				ENABLE_PREVIEWS = YES;
				INFOPLIST_FILE = "Thinking in SwiftUI Solutions/Info.plist";
				IPHONEOS_DEPLOYMENT_TARGET = 14.0;
				LD_RUNPATH_SEARCH_PATHS = (
					"$(inherited)",
					"@executable_path/Frameworks",
				);
				PRODUCT_BUNDLE_IDENTIFIER = "com.cocoaswitch.Thinking-in-SwiftUI-Solutions";
				PRODUCT_NAME = "$(TARGET_NAME)";
				SWIFT_VERSION = 5.0;
				TARGETED_DEVICE_FAMILY = "1,2";
			};
			name = Debug;
		};
		A11CB25C2569CDCA008240DB /* Release */ = {
			isa = XCBuildConfiguration;
			buildSettings = {
				ASSETCATALOG_COMPILER_APPICON_NAME = AppIcon;
				ASSETCATALOG_COMPILER_GLOBAL_ACCENT_COLOR_NAME = AccentColor;
				CODE_SIGN_STYLE = Automatic;
				DEVELOPMENT_ASSET_PATHS = "\"Thinking in SwiftUI Solutions/Preview Content\"";
				DEVELOPMENT_TEAM = AF8594QJUT;
				ENABLE_PREVIEWS = YES;
				INFOPLIST_FILE = "Thinking in SwiftUI Solutions/Info.plist";
				IPHONEOS_DEPLOYMENT_TARGET = 14.0;
				LD_RUNPATH_SEARCH_PATHS = (
					"$(inherited)",
					"@executable_path/Frameworks",
				);
				PRODUCT_BUNDLE_IDENTIFIER = "com.cocoaswitch.Thinking-in-SwiftUI-Solutions";
				PRODUCT_NAME = "$(TARGET_NAME)";
				SWIFT_VERSION = 5.0;
				TARGETED_DEVICE_FAMILY = "1,2";
			};
			name = Release;
		};
/* End XCBuildConfiguration section */

/* Begin XCConfigurationList section */
		A11CB2462569CDC8008240DB /* Build configuration list for PBXProject "Thinking in SwiftUI Solutions" */ = {
			isa = XCConfigurationList;
			buildConfigurations = (
				A11CB2582569CDCA008240DB /* Debug */,
				A11CB2592569CDCA008240DB /* Release */,
			);
			defaultConfigurationIsVisible = 0;
			defaultConfigurationName = Release;
		};
		A11CB25A2569CDCA008240DB /* Build configuration list for PBXNativeTarget "Thinking in SwiftUI Solutions" */ = {
			isa = XCConfigurationList;
			buildConfigurations = (
				A11CB25B2569CDCA008240DB /* Debug */,
				A11CB25C2569CDCA008240DB /* Release */,
			);
			defaultConfigurationIsVisible = 0;
			defaultConfigurationName = Release;
		};
/* End XCConfigurationList section */
	};
	rootObject = A11CB2432569CDC8008240DB /* Project object */;
}
